PODS:
  - AudioPlaybackManager (0.1.0):
    - VIMediaCache (~> 0.4)
  - RxCocoa (6.6.0):
    - RxRelay (= 6.6.0)
    - RxSwift (= 6.6.0)
  - RxRelay (6.6.0):
    - RxSwift (= 6.6.0)
  - RxSwift (6.6.0)
  - SnapKit (5.6.0)
  - VIMediaCache (0.4)

DEPENDENCIES:
  - AudioPlaybackManager (from `../`)
  - RxCocoa
  - RxSwift
  - SnapKit
  - VIMediaCache (from `https://github.com/vitoziv/VIMediaCache.git`)

SPEC REPOS:
  https://github.com/CocoaPods/Specs.git:
    - RxCocoa
    - RxRelay
    - RxSwift
    - SnapKit

EXTERNAL SOURCES:
  AudioPlaybackManager:
    :path: "../"
  VIMediaCache:
    :git: https://github.com/vitoziv/VIMediaCache.git

CHECKOUT OPTIONS:
  VIMediaCache:
    :commit: b9c4564d2eda0d1bc6d218bfd7582d2e5e76bbab
    :git: https://github.com/vitoziv/VIMediaCache.git

SPEC CHECKSUMS:
  AudioPlaybackManager: 6d5a30182e01a726823b39539574293a581223be
  RxCocoa: 44a80de90e25b739b5aeaae3c8c371a32e3343cc
  RxRelay: 45eaa5db8ee4fb50e5ebd57deec0159e97fa51e6
  RxSwift: a4b44f7d24599f674deebd1818eab82e58410632
  SnapKit: e01d52ebb8ddbc333eefe2132acf85c8227d9c25
  VIMediaCache: aa650f82cb114c68a343beb4e67416cf5eb2f3a2

PODFILE CHECKSUM: 88961b32248cf1ac537dbc2251436ebd4ec4511d

COCOAPODS: 1.15.2
